
Microsoft Visual Studio Solution File, Format Version 12.00
# Visual Studio Version 17
VisualStudioVersion = 17.5.2.0
MinimumVisualStudioVersion = 10.0.40219.1
Project("{9A19103F-16F7-4668-BE54-9A1E7A4F7556}") = "api", "api\api.csproj", "{4B34A98F-1C26-4494-A541-3E4FCD15B9A3}"
EndProject
Project("{FAE04EC0-301F-11D3-BF4B-00C04F79EFBC}") = "NPclick.E2ETests", "NPclick.E2ETests\NPclick.E2ETests.csproj", "{4C646176-DEF8-4821-9E28-5B9E6DBEBA3D}"
EndProject
Global
	GlobalSection(SolutionConfigurationPlatforms) = preSolution
		Debug|Any CPU = Debug|Any CPU
		Debug|x64 = Debug|x64
		Debug|x86 = Debug|x86
		Release|Any CPU = Release|Any CPU
		Release|x64 = Release|x64
		Release|x86 = Release|x86
	EndGlobalSection
	GlobalSection(ProjectConfigurationPlatforms) = postSolution
		{4B34A98F-1C26-4494-A541-3E4FCD15B9A3}.Debug|Any CPU.ActiveCfg = Debug|Any CPU
		{4B34A98F-1C26-4494-A541-3E4FCD15B9A3}.Debug|Any CPU.Build.0 = Debug|Any CPU
		{4B34A98F-1C26-4494-A541-3E4FCD15B9A3}.Debug|x64.ActiveCfg = Debug|Any CPU
		{4B34A98F-1C26-4494-A541-3E4FCD15B9A3}.Debug|x64.Build.0 = Debug|Any CPU
		{4B34A98F-1C26-4494-A541-3E4FCD15B9A3}.Debug|x86.ActiveCfg = Debug|Any CPU
		{4B34A98F-1C26-4494-A541-3E4FCD15B9A3}.Debug|x86.Build.0 = Debug|Any CPU
		{4B34A98F-1C26-4494-A541-3E4FCD15B9A3}.Release|Any CPU.ActiveCfg = Release|Any CPU
		{4B34A98F-1C26-4494-A541-3E4FCD15B9A3}.Release|Any CPU.Build.0 = Release|Any CPU
		{4B34A98F-1C26-4494-A541-3E4FCD15B9A3}.Release|x64.ActiveCfg = Release|Any CPU
		{4B34A98F-1C26-4494-A541-3E4FCD15B9A3}.Release|x64.Build.0 = Release|Any CPU
		{4B34A98F-1C26-4494-A541-3E4FCD15B9A3}.Release|x86.ActiveCfg = Release|Any CPU
		{4B34A98F-1C26-4494-A541-3E4FCD15B9A3}.Release|x86.Build.0 = Release|Any CPU
		{4C646176-DEF8-4821-9E28-5B9E6DBEBA3D}.Debug|Any CPU.ActiveCfg = Debug|Any CPU
		{4C646176-DEF8-4821-9E28-5B9E6DBEBA3D}.Debug|Any CPU.Build.0 = Debug|Any CPU
		{4C646176-DEF8-4821-9E28-5B9E6DBEBA3D}.Debug|x64.ActiveCfg = Debug|Any CPU
		{4C646176-DEF8-4821-9E28-5B9E6DBEBA3D}.Debug|x64.Build.0 = Debug|Any CPU
		{4C646176-DEF8-4821-9E28-5B9E6DBEBA3D}.Debug|x86.ActiveCfg = Debug|Any CPU
		{4C646176-DEF8-4821-9E28-5B9E6DBEBA3D}.Debug|x86.Build.0 = Debug|Any CPU
		{4C646176-DEF8-4821-9E28-5B9E6DBEBA3D}.Release|Any CPU.ActiveCfg = Release|Any CPU
		{4C646176-DEF8-4821-9E28-5B9E6DBEBA3D}.Release|Any CPU.Build.0 = Release|Any CPU
		{4C646176-DEF8-4821-9E28-5B9E6DBEBA3D}.Release|x64.ActiveCfg = Release|Any CPU
		{4C646176-DEF8-4821-9E28-5B9E6DBEBA3D}.Release|x64.Build.0 = Release|Any CPU
		{4C646176-DEF8-4821-9E28-5B9E6DBEBA3D}.Release|x86.ActiveCfg = Release|Any CPU
		{4C646176-DEF8-4821-9E28-5B9E6DBEBA3D}.Release|x86.Build.0 = Release|Any CPU
	EndGlobalSection
	GlobalSection(SolutionProperties) = preSolution
		HideSolutionNode = FALSE
	EndGlobalSection
	GlobalSection(ExtensibilityGlobals) = postSolution
		SolutionGuid = {8A72C084-E7A5-4C8F-888D-E05D600D5A75}
	EndGlobalSection
EndGlobal
